// !$*UTF8*$!
{
	archiveVersion = 1;
	classes = {
	};
	objectVersion = 46;
	objects = {

/* Begin PBXBuildFile section */
		EF770F951AF9DFDA002262B8 /* SettingsViewController.swift in Sources */ = {isa = PBXBuildFile; fileRef = EF770F941AF9DFDA002262B8 /* SettingsViewController.swift */; };
		EF770F971AFB2BA4002262B8 /* TermsViewController.swift in Sources */ = {isa = PBXBuildFile; fileRef = EF770F961AFB2BA4002262B8 /* TermsViewController.swift */; };
		EF770F991AFB3705002262B8 /* ExistingSettingsViewController.swift in Sources */ = {isa = PBXBuildFile; fileRef = EF770F981AFB3705002262B8 /* ExistingSettingsViewController.swift */; };
		EF770F9B1AFB3A5E002262B8 /* PhotoViewController.swift in Sources */ = {isa = PBXBuildFile; fileRef = EF770F9A1AFB3A5E002262B8 /* PhotoViewController.swift */; };
		EF770F9F1AFDCE8B002262B8 /* DetailedViewController.swift in Sources */ = {isa = PBXBuildFile; fileRef = EF770F9E1AFDCE8B002262B8 /* DetailedViewController.swift */; };
		EF770FA11AFDD671002262B8 /* FavoriteViewController.swift in Sources */ = {isa = PBXBuildFile; fileRef = EF770FA01AFDD671002262B8 /* FavoriteViewController.swift */; };
		EF770FA31AFED995002262B8 /* FilesViewController.swift in Sources */ = {isa = PBXBuildFile; fileRef = EF770FA21AFED995002262B8 /* FilesViewController.swift */; };
		EF770FA51B0002FD002262B8 /* WelcomeViewController.swift in Sources */ = {isa = PBXBuildFile; fileRef = EF770FA41B0002FD002262B8 /* WelcomeViewController.swift */; };
		EFF1E7441AF880CE0006DC05 /* AppDelegate.swift in Sources */ = {isa = PBXBuildFile; fileRef = EFF1E7431AF880CE0006DC05 /* AppDelegate.swift */; };
		EFF1E7461AF880CE0006DC05 /* ViewController.swift in Sources */ = {isa = PBXBuildFile; fileRef = EFF1E7451AF880CE0006DC05 /* ViewController.swift */; };
		EFF1E7491AF880CE0006DC05 /* Main.storyboard in Resources */ = {isa = PBXBuildFile; fileRef = EFF1E7471AF880CE0006DC05 /* Main.storyboard */; };
		EFF1E74B1AF880CE0006DC05 /* Images.xcassets in Resources */ = {isa = PBXBuildFile; fileRef = EFF1E74A1AF880CE0006DC05 /* Images.xcassets */; };
		EFF1E75A1AF880CE0006DC05 /* Dropbox_DemoTests.swift in Sources */ = {isa = PBXBuildFile; fileRef = EFF1E7591AF880CE0006DC05 /* Dropbox_DemoTests.swift */; };
		EFF1E7661AF9BF4F0006DC05 /* CreateAccountRootViewController.swift in Sources */ = {isa = PBXBuildFile; fileRef = EFF1E7651AF9BF4F0006DC05 /* CreateAccountRootViewController.swift */; };
		EFF1E7681AF9C1440006DC05 /* SignInRootViewController.swift in Sources */ = {isa = PBXBuildFile; fileRef = EFF1E7671AF9C1440006DC05 /* SignInRootViewController.swift */; };
		EFF1E76A1AF9C2440006DC05 /* SignInViewController.swift in Sources */ = {isa = PBXBuildFile; fileRef = EFF1E7691AF9C2440006DC05 /* SignInViewController.swift */; };
		EFF1E76C1AF9C9790006DC05 /* CreateAccountViewController.swift in Sources */ = {isa = PBXBuildFile; fileRef = EFF1E76B1AF9C9790006DC05 /* CreateAccountViewController.swift */; };
/* End PBXBuildFile section */

/* Begin PBXContainerItemProxy section */
		EFF1E7541AF880CE0006DC05 /* PBXContainerItemProxy */ = {
			isa = PBXContainerItemProxy;
			containerPortal = EFF1E7361AF880CE0006DC05 /* Project object */;
			proxyType = 1;
			remoteGlobalIDString = EFF1E73D1AF880CE0006DC05;
			remoteInfo = "Dropbox Demo";
		};
/* End PBXContainerItemProxy section */

/* Begin PBXFileReference section */
		EF770F941AF9DFDA002262B8 /* SettingsViewController.swift */ = {isa = PBXFileReference; fileEncoding = 4; lastKnownFileType = sourcecode.swift; path = SettingsViewController.swift; sourceTree = "<group>"; };
		EF770F961AFB2BA4002262B8 /* TermsViewController.swift */ = {isa = PBXFileReference; fileEncoding = 4; lastKnownFileType = sourcecode.swift; path = TermsViewController.swift; sourceTree = "<group>"; };
		EF770F981AFB3705002262B8 /* ExistingSettingsViewController.swift */ = {isa = PBXFileReference; fileEncoding = 4; lastKnownFileType = sourcecode.swift; path = ExistingSettingsViewController.swift; sourceTree = "<group>"; };
		EF770F9A1AFB3A5E002262B8 /* PhotoViewController.swift */ = {isa = PBXFileReference; fileEncoding = 4; lastKnownFileType = sourcecode.swift; path = PhotoViewController.swift; sourceTree = "<group>"; };
		EF770F9E1AFDCE8B002262B8 /* DetailedViewController.swift */ = {isa = PBXFileReference; fileEncoding = 4; lastKnownFileType = sourcecode.swift; path = DetailedViewController.swift; sourceTree = "<group>"; };
		EF770FA01AFDD671002262B8 /* FavoriteViewController.swift */ = {isa = PBXFileReference; fileEncoding = 4; lastKnownFileType = sourcecode.swift; path = FavoriteViewController.swift; sourceTree = "<group>"; };
		EF770FA21AFED995002262B8 /* FilesViewController.swift */ = {isa = PBXFileReference; fileEncoding = 4; lastKnownFileType = sourcecode.swift; path = FilesViewController.swift; sourceTree = "<group>"; };
		EF770FA41B0002FD002262B8 /* WelcomeViewController.swift */ = {isa = PBXFileReference; fileEncoding = 4; lastKnownFileType = sourcecode.swift; path = WelcomeViewController.swift; sourceTree = "<group>"; };
		EFF1E73E1AF880CE0006DC05 /* Dropbox Demo.app */ = {isa = PBXFileReference; explicitFileType = wrapper.application; includeInIndex = 0; path = "Dropbox Demo.app"; sourceTree = BUILT_PRODUCTS_DIR; };
		EFF1E7421AF880CE0006DC05 /* Info.plist */ = {isa = PBXFileReference; lastKnownFileType = text.plist.xml; path = Info.plist; sourceTree = "<group>"; };
		EFF1E7431AF880CE0006DC05 /* AppDelegate.swift */ = {isa = PBXFileReference; lastKnownFileType = sourcecode.swift; path = AppDelegate.swift; sourceTree = "<group>"; };
		EFF1E7451AF880CE0006DC05 /* ViewController.swift */ = {isa = PBXFileReference; lastKnownFileType = sourcecode.swift; path = ViewController.swift; sourceTree = "<group>"; };
		EFF1E7481AF880CE0006DC05 /* Base */ = {isa = PBXFileReference; lastKnownFileType = file.storyboard; name = Base; path = Base.lproj/Main.storyboard; sourceTree = "<group>"; };
		EFF1E74A1AF880CE0006DC05 /* Images.xcassets */ = {isa = PBXFileReference; lastKnownFileType = folder.assetcatalog; path = Images.xcassets; sourceTree = "<group>"; };
		EFF1E7531AF880CE0006DC05 /* Dropbox DemoTests.xctest */ = {isa = PBXFileReference; explicitFileType = wrapper.cfbundle; includeInIndex = 0; path = "Dropbox DemoTests.xctest"; sourceTree = BUILT_PRODUCTS_DIR; };
		EFF1E7581AF880CE0006DC05 /* Info.plist */ = {isa = PBXFileReference; lastKnownFileType = text.plist.xml; path = Info.plist; sourceTree = "<group>"; };
		EFF1E7591AF880CE0006DC05 /* Dropbox_DemoTests.swift */ = {isa = PBXFileReference; lastKnownFileType = sourcecode.swift; path = Dropbox_DemoTests.swift; sourceTree = "<group>"; };
		EFF1E7651AF9BF4F0006DC05 /* CreateAccountRootViewController.swift */ = {isa = PBXFileReference; fileEncoding = 4; lastKnownFileType = sourcecode.swift; path = CreateAccountRootViewController.swift; sourceTree = "<group>"; };
		EFF1E7671AF9C1440006DC05 /* SignInRootViewController.swift */ = {isa = PBXFileReference; fileEncoding = 4; lastKnownFileType = sourcecode.swift; path = SignInRootViewController.swift; sourceTree = "<group>"; };
		EFF1E7691AF9C2440006DC05 /* SignInViewController.swift */ = {isa = PBXFileReference; fileEncoding = 4; lastKnownFileType = sourcecode.swift; path = SignInViewController.swift; sourceTree = "<group>"; };
		EFF1E76B1AF9C9790006DC05 /* CreateAccountViewController.swift */ = {isa = PBXFileReference; fileEncoding = 4; lastKnownFileType = sourcecode.swift; path = CreateAccountViewController.swift; sourceTree = "<group>"; };
/* End PBXFileReference section */

/* Begin PBXFrameworksBuildPhase section */
		EFF1E73B1AF880CE0006DC05 /* Frameworks */ = {
			isa = PBXFrameworksBuildPhase;
			buildActionMask = 2147483647;
			files = (
			);
			runOnlyForDeploymentPostprocessing = 0;
		};
		EFF1E7501AF880CE0006DC05 /* Frameworks */ = {
			isa = PBXFrameworksBuildPhase;
			buildActionMask = 2147483647;
			files = (
			);
			runOnlyForDeploymentPostprocessing = 0;
		};
/* End PBXFrameworksBuildPhase section */

/* Begin PBXGroup section */
		EFF1E7351AF880CE0006DC05 = {
			isa = PBXGroup;
			children = (
				EFF1E7401AF880CE0006DC05 /* Dropbox Demo */,
				EFF1E7561AF880CE0006DC05 /* Dropbox DemoTests */,
				EFF1E73F1AF880CE0006DC05 /* Products */,
			);
			sourceTree = "<group>";
		};
		EFF1E73F1AF880CE0006DC05 /* Products */ = {
			isa = PBXGroup;
			children = (
				EFF1E73E1AF880CE0006DC05 /* Dropbox Demo.app */,
				EFF1E7531AF880CE0006DC05 /* Dropbox DemoTests.xctest */,
			);
			name = Products;
			sourceTree = "<group>";
		};
		EFF1E7401AF880CE0006DC05 /* Dropbox Demo */ = {
			isa = PBXGroup;
			children = (
				EFF1E7431AF880CE0006DC05 /* AppDelegate.swift */,
				EFF1E7451AF880CE0006DC05 /* ViewController.swift */,
				EFF1E7471AF880CE0006DC05 /* Main.storyboard */,
				EF770FA41B0002FD002262B8 /* WelcomeViewController.swift */,
				EF770FA21AFED995002262B8 /* FilesViewController.swift */,
				EF770FA01AFDD671002262B8 /* FavoriteViewController.swift */,
				EF770F9E1AFDCE8B002262B8 /* DetailedViewController.swift */,
				EF770F961AFB2BA4002262B8 /* TermsViewController.swift */,
				EF770F981AFB3705002262B8 /* ExistingSettingsViewController.swift */,
				EF770F941AF9DFDA002262B8 /* SettingsViewController.swift */,
				EF770F9A1AFB3A5E002262B8 /* PhotoViewController.swift */,
				EFF1E76B1AF9C9790006DC05 /* CreateAccountViewController.swift */,
				EFF1E7671AF9C1440006DC05 /* SignInRootViewController.swift */,
				EFF1E7691AF9C2440006DC05 /* SignInViewController.swift */,
				EFF1E74A1AF880CE0006DC05 /* Images.xcassets */,
				EFF1E7411AF880CE0006DC05 /* Supporting Files */,
				EFF1E7651AF9BF4F0006DC05 /* CreateAccountRootViewController.swift */,
			);
			path = "Dropbox Demo";
			sourceTree = "<group>";
		};
		EFF1E7411AF880CE0006DC05 /* Supporting Files */ = {
			isa = PBXGroup;
			children = (
				EFF1E7421AF880CE0006DC05 /* Info.plist */,
			);
			name = "Supporting Files";
			sourceTree = "<group>";
		};
		EFF1E7561AF880CE0006DC05 /* Dropbox DemoTests */ = {
			isa = PBXGroup;
			children = (
				EFF1E7591AF880CE0006DC05 /* Dropbox_DemoTests.swift */,
				EFF1E7571AF880CE0006DC05 /* Supporting Files */,
			);
			path = "Dropbox DemoTests";
			sourceTree = "<group>";
		};
		EFF1E7571AF880CE0006DC05 /* Supporting Files */ = {
			isa = PBXGroup;
			children = (
				EFF1E7581AF880CE0006DC05 /* Info.plist */,
			);
			name = "Supporting Files";
			sourceTree = "<group>";
		};
/* End PBXGroup section */

/* Begin PBXNativeTarget section */
		EFF1E73D1AF880CE0006DC05 /* Dropbox Demo */ = {
			isa = PBXNativeTarget;
			buildConfigurationList = EFF1E75D1AF880CE0006DC05 /* Build configuration list for PBXNativeTarget "Dropbox Demo" */;
			buildPhases = (
				EFF1E73A1AF880CE0006DC05 /* Sources */,
				EFF1E73B1AF880CE0006DC05 /* Frameworks */,
				EFF1E73C1AF880CE0006DC05 /* Resources */,
			);
			buildRules = (
			);
			dependencies = (
			);
			name = "Dropbox Demo";
			productName = "Dropbox Demo";
			productReference = EFF1E73E1AF880CE0006DC05 /* Dropbox Demo.app */;
			productType = "com.apple.product-type.application";
		};
		EFF1E7521AF880CE0006DC05 /* Dropbox DemoTests */ = {
			isa = PBXNativeTarget;
			buildConfigurationList = EFF1E7601AF880CE0006DC05 /* Build configuration list for PBXNativeTarget "Dropbox DemoTests" */;
			buildPhases = (
				EFF1E74F1AF880CE0006DC05 /* Sources */,
				EFF1E7501AF880CE0006DC05 /* Frameworks */,
				EFF1E7511AF880CE0006DC05 /* Resources */,
			);
			buildRules = (
			);
			dependencies = (
				EFF1E7551AF880CE0006DC05 /* PBXTargetDependency */,
			);
			name = "Dropbox DemoTests";
			productName = "Dropbox DemoTests";
			productReference = EFF1E7531AF880CE0006DC05 /* Dropbox DemoTests.xctest */;
			productType = "com.apple.product-type.bundle.unit-test";
		};
/* End PBXNativeTarget section */

/* Begin PBXProject section */
		EFF1E7361AF880CE0006DC05 /* Project object */ = {
			isa = PBXProject;
			attributes = {
				LastUpgradeCheck = 0630;
				ORGANIZATIONNAME = "Amritha Prasad";
				TargetAttributes = {
					EFF1E73D1AF880CE0006DC05 = {
						CreatedOnToolsVersion = 6.3.1;
					};
					EFF1E7521AF880CE0006DC05 = {
						CreatedOnToolsVersion = 6.3.1;
						TestTargetID = EFF1E73D1AF880CE0006DC05;
					};
				};
			};
			buildConfigurationList = EFF1E7391AF880CE0006DC05 /* Build configuration list for PBXProject "Dropbox Demo" */;
			compatibilityVersion = "Xcode 3.2";
			developmentRegion = English;
			hasScannedForEncodings = 0;
			knownRegions = (
				en,
				Base,
			);
			mainGroup = EFF1E7351AF880CE0006DC05;
			productRefGroup = EFF1E73F1AF880CE0006DC05 /* Products */;
			projectDirPath = "";
			projectRoot = "";
			targets = (
				EFF1E73D1AF880CE0006DC05 /* Dropbox Demo */,
				EFF1E7521AF880CE0006DC05 /* Dropbox DemoTests */,
			);
		};
/* End PBXProject section */

/* Begin PBXResourcesBuildPhase section */
		EFF1E73C1AF880CE0006DC05 /* Resources */ = {
			isa = PBXResourcesBuildPhase;
			buildActionMask = 2147483647;
			files = (
				EFF1E7491AF880CE0006DC05 /* Main.storyboard in Resources */,
				EFF1E74B1AF880CE0006DC05 /* Images.xcassets in Resources */,
			);
			runOnlyForDeploymentPostprocessing = 0;
		};
		EFF1E7511AF880CE0006DC05 /* Resources */ = {
			isa = PBXResourcesBuildPhase;
			buildActionMask = 2147483647;
			files = (
			);
			runOnlyForDeploymentPostprocessing = 0;
		};
/* End PBXResourcesBuildPhase section */

/* Begin PBXSourcesBuildPhase section */
		EFF1E73A1AF880CE0006DC05 /* Sources */ = {
			isa = PBXSourcesBuildPhase;
			buildActionMask = 2147483647;
			files = (
				EFF1E76C1AF9C9790006DC05 /* CreateAccountViewController.swift in Sources */,
				EFF1E7681AF9C1440006DC05 /* SignInRootViewController.swift in Sources */,
				EF770F951AF9DFDA002262B8 /* SettingsViewController.swift in Sources */,
				EF770F9F1AFDCE8B002262B8 /* DetailedViewController.swift in Sources */,
				EFF1E7661AF9BF4F0006DC05 /* CreateAccountRootViewController.swift in Sources */,
				EF770F991AFB3705002262B8 /* ExistingSettingsViewController.swift in Sources */,
				EF770FA31AFED995002262B8 /* FilesViewController.swift in Sources */,
				EFF1E7461AF880CE0006DC05 /* ViewController.swift in Sources */,
				EFF1E76A1AF9C2440006DC05 /* SignInViewController.swift in Sources */,
				EF770F971AFB2BA4002262B8 /* TermsViewController.swift in Sources */,
				EFF1E7441AF880CE0006DC05 /* AppDelegate.swift in Sources */,
				EF770FA11AFDD671002262B8 /* FavoriteViewController.swift in Sources */,
				EF770F9B1AFB3A5E002262B8 /* PhotoViewController.swift in Sources */,
				EF770FA51B0002FD002262B8 /* WelcomeViewController.swift in Sources */,
			);
			runOnlyForDeploymentPostprocessing = 0;
		};
		EFF1E74F1AF880CE0006DC05 /* Sources */ = {
			isa = PBXSourcesBuildPhase;
			buildActionMask = 2147483647;
			files = (
				EFF1E75A1AF880CE0006DC05 /* Dropbox_DemoTests.swift in Sources */,
			);
			runOnlyForDeploymentPostprocessing = 0;
		};
/* End PBXSourcesBuildPhase section */

/* Begin PBXTargetDependency section */
		EFF1E7551AF880CE0006DC05 /* PBXTargetDependency */ = {
			isa = PBXTargetDependency;
			target = EFF1E73D1AF880CE0006DC05 /* Dropbox Demo */;
			targetProxy = EFF1E7541AF880CE0006DC05 /* PBXContainerItemProxy */;
		};
/* End PBXTargetDependency section */

/* Begin PBXVariantGroup section */
		EFF1E7471AF880CE0006DC05 /* Main.storyboard */ = {
			isa = PBXVariantGroup;
			children = (
				EFF1E7481AF880CE0006DC05 /* Base */,
			);
			name = Main.storyboard;
			sourceTree = "<group>";
		};
/* End PBXVariantGroup section */

/* Begin XCBuildConfiguration section */
		EFF1E75B1AF880CE0006DC05 /* Debug */ = {
			isa = XCBuildConfiguration;
			buildSettings = {
				ALWAYS_SEARCH_USER_PATHS = NO;
				CLANG_CXX_LANGUAGE_STANDARD = "gnu++0x";
				CLANG_CXX_LIBRARY = "libc++";
				CLANG_ENABLE_MODULES = YES;
				CLANG_ENABLE_OBJC_ARC = YES;
				CLANG_WARN_BOOL_CONVERSION = YES;
				CLANG_WARN_CONSTANT_CONVERSION = YES;
				CLANG_WARN_DIRECT_OBJC_ISA_USAGE = YES_ERROR;
				CLANG_WARN_EMPTY_BODY = YES;
				CLANG_WARN_ENUM_CONVERSION = YES;
				CLANG_WARN_INT_CONVERSION = YES;
				CLANG_WARN_OBJC_ROOT_CLASS = YES_ERROR;
				CLANG_WARN_UNREACHABLE_CODE = YES;
				CLANG_WARN__DUPLICATE_METHOD_MATCH = YES;
				"CODE_SIGN_IDENTITY[sdk=iphoneos*]" = "iPhone Developer";
				COPY_PHASE_STRIP = NO;
				DEBUG_INFORMATION_FORMAT = "dwarf-with-dsym";
				ENABLE_STRICT_OBJC_MSGSEND = YES;
				GCC_C_LANGUAGE_STANDARD = gnu99;
				GCC_DYNAMIC_NO_PIC = NO;
				GCC_NO_COMMON_BLOCKS = YES;
				GCC_OPTIMIZATION_LEVEL = 0;
				GCC_PREPROCESSOR_DEFINITIONS = (
					"DEBUG=1",
					"$(inherited)",
				);
				GCC_SYMBOLS_PRIVATE_EXTERN = NO;
				GCC_WARN_64_TO_32_BIT_CONVERSION = YES;
				GCC_WARN_ABOUT_RETURN_TYPE = YES_ERROR;
				GCC_WARN_UNDECLARED_SELECTOR = YES;
				GCC_WARN_UNINITIALIZED_AUTOS = YES_AGGRESSIVE;
				GCC_WARN_UNUSED_FUNCTION = YES;
				GCC_WARN_UNUSED_VARIABLE = YES;
				IPHONEOS_DEPLOYMENT_TARGET = 8.3;
				MTL_ENABLE_DEBUG_INFO = YES;
				ONLY_ACTIVE_ARCH = YES;
				SDKROOT = iphoneos;
				SWIFT_OPTIMIZATION_LEVEL = "-Onone";
			};
			name = Debug;
		};
		EFF1E75C1AF880CE0006DC05 /* Release */ = {
			isa = XCBuildConfiguration;
			buildSettings = {
				ALWAYS_SEARCH_USER_PATHS = NO;
				CLANG_CXX_LANGUAGE_STANDARD = "gnu++0x";
				CLANG_CXX_LIBRARY = "libc++";
				CLANG_ENABLE_MODULES = YES;
				CLANG_ENABLE_OBJC_ARC = YES;
				CLANG_WARN_BOOL_CONVERSION = YES;
				CLANG_WARN_CONSTANT_CONVERSION = YES;
				CLANG_WARN_DIRECT_OBJC_ISA_USAGE = YES_ERROR;
				CLANG_WARN_EMPTY_BODY = YES;
				CLANG_WARN_ENUM_CONVERSION = YES;
				CLANG_WARN_INT_CONVERSION = YES;
				CLANG_WARN_OBJC_ROOT_CLASS = YES_ERROR;
				CLANG_WARN_UNREACHABLE_CODE = YES;
				CLANG_WARN__DUPLICATE_METHOD_MATCH = YES;
				"CODE_SIGN_IDENTITY[sdk=iphoneos*]" = "iPhone Developer";
				COPY_PHASE_STRIP = NO;
				DEBUG_INFORMATION_FORMAT = "dwarf-with-dsym";
				ENABLE_NS_ASSERTIONS = NO;
				ENABLE_STRICT_OBJC_MSGSEND = YES;
				GCC_C_LANGUAGE_STANDARD = gnu99;
				GCC_NO_COMMON_BLOCKS = YES;
				GCC_WARN_64_TO_32_BIT_CONVERSION = YES;
				GCC_WARN_ABOUT_RETURN_TYPE = YES_ERROR;
				GCC_WARN_UNDECLARED_SELECTOR = YES;
				GCC_WARN_UNINITIALIZED_AUTOS = YES_AGGRESSIVE;
				GCC_WARN_UNUSED_FUNCTION = YES;
				GCC_WARN_UNUSED_VARIABLE = YES;
				IPHONEOS_DEPLOYMENT_TARGET = 8.3;
				MTL_ENABLE_DEBUG_INFO = NO;
				SDKROOT = iphoneos;
				VALIDATE_PRODUCT = YES;
			};
			name = Release;
		};
		EFF1E75E1AF880CE0006DC05 /* Debug */ = {
			isa = XCBuildConfiguration;
			buildSettings = {
				ASSETCATALOG_COMPILER_APPICON_NAME = AppIcon;
				ASSETCATALOG_COMPILER_LAUNCHIMAGE_NAME = LaunchImage;
				INFOPLIST_FILE = "Dropbox Demo/Info.plist";
				LD_RUNPATH_SEARCH_PATHS = "$(inherited) @executable_path/Frameworks";
				PRODUCT_NAME = "$(TARGET_NAME)";
			};
			name = Debug;
		};
		EFF1E75F1AF880CE0006DC05 /* Release */ = {
			isa = XCBuildConfiguration;
			buildSettings = {
				ASSETCATALOG_COMPILER_APPICON_NAME = AppIcon;
				ASSETCATALOG_COMPILER_LAUNCHIMAGE_NAME = LaunchImage;
				INFOPLIST_FILE = "Dropbox Demo/Info.plist";
				LD_RUNPATH_SEARCH_PATHS = "$(inherited) @executable_path/Frameworks";
				PRODUCT_NAME = "$(TARGET_NAME)";
			};
			name = Release;
		};
		EFF1E7611AF880CE0006DC05 /* Debug */ = {
			isa = XCBuildConfiguration;
			buildSettings = {
				BUNDLE_LOADER = "$(TEST_HOST)";
				FRAMEWORK_SEARCH_PATHS = (
					"$(SDKROOT)/Developer/Library/Frameworks",
					"$(inherited)",
				);
				GCC_PREPROCESSOR_DEFINITIONS = (
					"DEBUG=1",
					"$(inherited)",
				);
				INFOPLIST_FILE = "Dropbox DemoTests/Info.plist";
				LD_RUNPATH_SEARCH_PATHS = "$(inherited) @executable_path/Frameworks @loader_path/Frameworks";
				PRODUCT_NAME = "$(TARGET_NAME)";
				TEST_HOST = "$(BUILT_PRODUCTS_DIR)/Dropbox Demo.app/Dropbox Demo";
			};
			name = Debug;
		};
		EFF1E7621AF880CE0006DC05 /* Release */ = {
			isa = XCBuildConfiguration;
			buildSettings = {
				BUNDLE_LOADER = "$(TEST_HOST)";
				FRAMEWORK_SEARCH_PATHS = (
					"$(SDKROOT)/Developer/Library/Frameworks",
					"$(inherited)",
				);
				INFOPLIST_FILE = "Dropbox DemoTests/Info.plist";
				LD_RUNPATH_SEARCH_PATHS = "$(inherited) @executable_path/Frameworks @loader_path/Frameworks";
				PRODUCT_NAME = "$(TARGET_NAME)";
				TEST_HOST = "$(BUILT_PRODUCTS_DIR)/Dropbox Demo.app/Dropbox Demo";
			};
			name = Release;
		};
/* End XCBuildConfiguration section */

/* Begin XCConfigurationList section */
		EFF1E7391AF880CE0006DC05 /* Build configuration list for PBXProject "Dropbox Demo" */ = {
			isa = XCConfigurationList;
			buildConfigurations = (
				EFF1E75B1AF880CE0006DC05 /* Debug */,
				EFF1E75C1AF880CE0006DC05 /* Release */,
			);
			defaultConfigurationIsVisible = 0;
			defaultConfigurationName = Release;
		};
		EFF1E75D1AF880CE0006DC05 /* Build configuration list for PBXNativeTarget "Dropbox Demo" */ = {
			isa = XCConfigurationList;
			buildConfigurations = (
				EFF1E75E1AF880CE0006DC05 /* Debug */,
				EFF1E75F1AF880CE0006DC05 /* Release */,
			);
			defaultConfigurationIsVisible = 0;
			defaultConfigurationName = Release;
		};
		EFF1E7601AF880CE0006DC05 /* Build configuration list for PBXNativeTarget "Dropbox DemoTests" */ = {
			isa = XCConfigurationList;
			buildConfigurations = (
				EFF1E7611AF880CE0006DC05 /* Debug */,
				EFF1E7621AF880CE0006DC05 /* Release */,
			);
			defaultConfigurationIsVisible = 0;
			defaultConfigurationName = Release;
		};
/* End XCConfigurationList section */
	};
	rootObject = EFF1E7361AF880CE0006DC05 /* Project object */;
}
